
Microsoft Visual Studio Solution File, Format Version 12.00
# Visual Studio 15
VisualStudioVersion = 15.0.28307.421
MinimumVisualStudioVersion = 10.0.40219.1
Project("{FAE04EC0-301F-11D3-BF4B-00C04F79EFBC}") = "AutomatedComponentTestWriter", "AutomatedComponentTestWriter\AutomatedComponentTestWriter.csproj", "{74D0098D-3D46-4367-84C2-0E4114560049}"
EndProject
Project("{FAE04EC0-301F-11D3-BF4B-00C04F79EFBC}") = "AutomatedComponentTestWriter.Tests", "AutomatedComponentTestWriter.Tests\AutomatedComponentTestWriter.Tests.csproj", "{DAFE8E59-1A09-45B3-8690-CE68243A7152}"
EndProject
Global
	GlobalSection(SolutionConfigurationPlatforms) = preSolution
		Debug|Any CPU = Debug|Any CPU
		Release|Any CPU = Release|Any CPU
	EndGlobalSection
	GlobalSection(ProjectConfigurationPlatforms) = postSolution
		{74D0098D-3D46-4367-84C2-0E4114560049}.Debug|Any CPU.ActiveCfg = Debug|Any CPU
		{74D0098D-3D46-4367-84C2-0E4114560049}.Debug|Any CPU.Build.0 = Debug|Any CPU
		{74D0098D-3D46-4367-84C2-0E4114560049}.Release|Any CPU.ActiveCfg = Release|Any CPU
		{74D0098D-3D46-4367-84C2-0E4114560049}.Release|Any CPU.Build.0 = Release|Any CPU
		{DAFE8E59-1A09-45B3-8690-CE68243A7152}.Debug|Any CPU.ActiveCfg = Debug|Any CPU
		{DAFE8E59-1A09-45B3-8690-CE68243A7152}.Debug|Any CPU.Build.0 = Debug|Any CPU
		{DAFE8E59-1A09-45B3-8690-CE68243A7152}.Release|Any CPU.ActiveCfg = Release|Any CPU
		{DAFE8E59-1A09-45B3-8690-CE68243A7152}.Release|Any CPU.Build.0 = Release|Any CPU
	EndGlobalSection
	GlobalSection(SolutionProperties) = preSolution
		HideSolutionNode = FALSE
	EndGlobalSection
	GlobalSection(ExtensibilityGlobals) = postSolution
		SolutionGuid = {D643FDE4-A770-4F58-9411-A7DB188D4339}
	EndGlobalSection
EndGlobal
